
Microsoft Visual Studio Solution File, Format Version 12.00
# Visual Studio Version 17
VisualStudioVersion = 17.5.002.0
MinimumVisualStudioVersion = 10.0.40219.1
Project("{9A19103F-16F7-4668-BE54-9A1E7A4F7556}") = "01Conceitos", "01Conceitos\01Conceitos.csproj", "{C4AE8459-3671-428B-A57A-C2B200F3A769}"
EndProject
Project("{9A19103F-16F7-4668-BE54-9A1E7A4F7556}") = "02Métodos", "02Métodos\02Métodos.csproj", "{6833CCDC-AB7A-4BA4-A830-8BDB81FA0209}"
EndProject
Global
	GlobalSection(SolutionConfigurationPlatforms) = preSolution
		Debug|Any CPU = Debug|Any CPU
		Release|Any CPU = Release|Any CPU
	EndGlobalSection
	GlobalSection(ProjectConfigurationPlatforms) = postSolution
		{C4AE8459-3671-428B-A57A-C2B200F3A769}.Debug|Any CPU.ActiveCfg = Debug|Any CPU
		{C4AE8459-3671-428B-A57A-C2B200F3A769}.Debug|Any CPU.Build.0 = Debug|Any CPU
		{C4AE8459-3671-428B-A57A-C2B200F3A769}.Release|Any CPU.ActiveCfg = Release|Any CPU
		{C4AE8459-3671-428B-A57A-C2B200F3A769}.Release|Any CPU.Build.0 = Release|Any CPU
		{6833CCDC-AB7A-4BA4-A830-8BDB81FA0209}.Debug|Any CPU.ActiveCfg = Debug|Any CPU
		{6833CCDC-AB7A-4BA4-A830-8BDB81FA0209}.Debug|Any CPU.Build.0 = Debug|Any CPU
		{6833CCDC-AB7A-4BA4-A830-8BDB81FA0209}.Release|Any CPU.ActiveCfg = Release|Any CPU
		{6833CCDC-AB7A-4BA4-A830-8BDB81FA0209}.Release|Any CPU.Build.0 = Release|Any CPU
	EndGlobalSection
	GlobalSection(SolutionProperties) = preSolution
		HideSolutionNode = FALSE
	EndGlobalSection
	GlobalSection(ExtensibilityGlobals) = postSolution
		SolutionGuid = {81138FC0-2029-423E-92EF-9ECDCC56CC9C}
	EndGlobalSection
EndGlobal
